<?xml version="1.0" encoding="UTF-8" standalone="yes" ?>
<CodeBlocks_project_file>
	<FileVersion major="1" minor="6" />
	<Project>
		<Option title="Digital Measurment Calculator(DIC)" />
		<Option pch_mode="2" />
		<Option compiler="gcc" />
		<Build>
			<Target title="Debug">
				<Option output="bin/Debug/Digital Measurment Calculator(DIC)" prefix_auto="1" extension_auto="1" />
				<Option object_output="obj/Debug/" />
				<Option type="1" />
				<Option compiler="gcc" />
				<Compiler>
					<Add option="-g" />
					<Add directory="include" />
					<Add directory="2D shapes" />
					<Add directory="3D shapes" />
				</Compiler>
			</Target>
			<Target title="Release">
				<Option output="bin/Release/Digital Measurment Calculator(DIC)" prefix_auto="1" extension_auto="1" />
				<Option object_output="obj/Release/" />
				<Option type="1" />
				<Option compiler="gcc" />
				<Compiler>
					<Add option="-O2" />
					<Add directory="include" />
					<Add directory="2D shapes" />
					<Add directory="3D shapes" />
				</Compiler>
				<Linker>
					<Add option="-s" />
				</Linker>
			</Target>
		</Build>
		<Compiler>
			<Add option="-Wall" />
			<Add option="-fexceptions" />
		</Compiler>
		<Unit filename="2D shapes/area_2D.cpp" />
		<Unit filename="2D shapes/area_2D.h" />
		<Unit filename="2D shapes/perimeter_2D.cpp" />
		<Unit filename="2D shapes/perimeter_2D.h" />
		<Unit filename="3D shapes/area_3D.cpp" />
		<Unit filename="3D shapes/area_3D.h" />
		<Unit filename="3D shapes/volume_3D.cpp" />
		<Unit filename="3D shapes/volume_3D.h" />
		<Unit filename="main.cpp" />
		<Extensions>
			<code_completion />
			<envvars />
			<debugger />
			<lib_finder disable_auto="1" />
		</Extensions>
	</Project>
</CodeBlocks_project_file>
